
Microsoft Visual Studio Solution File, Format Version 12.00
# Visual Studio Version 16
VisualStudioVersion = 16.0.29709.97
MinimumVisualStudioVersion = 10.0.40219.1
Project("{FAE04EC0-301F-11D3-BF4B-00C04F79EFBC}") = "OAuth.Server", "OAuth.Server\OAuth.Server.csproj", "{02BFE60A-BA23-4578-92DF-4B36E60EF4B8}"
EndProject
Global
	GlobalSection(SolutionConfigurationPlatforms) = preSolution
		Debug|Any CPU = Debug|Any CPU
		Release|Any CPU = Release|Any CPU
	EndGlobalSection
	GlobalSection(ProjectConfigurationPlatforms) = postSolution
		{02BFE60A-BA23-4578-92DF-4B36E60EF4B8}.Debug|Any CPU.ActiveCfg = Debug|Any CPU
		{02BFE60A-BA23-4578-92DF-4B36E60EF4B8}.Debug|Any CPU.Build.0 = Debug|Any CPU
		{02BFE60A-BA23-4578-92DF-4B36E60EF4B8}.Release|Any CPU.ActiveCfg = Release|Any CPU
		{02BFE60A-BA23-4578-92DF-4B36E60EF4B8}.Release|Any CPU.Build.0 = Release|Any CPU
	EndGlobalSection
	GlobalSection(SolutionProperties) = preSolution
		HideSolutionNode = FALSE
	EndGlobalSection
	GlobalSection(ExtensibilityGlobals) = postSolution
		SolutionGuid = {3286C187-EB5E-49FA-B836-DFA9D8E3BC2C}
	EndGlobalSection
EndGlobal
